
Microsoft Visual Studio Solution File, Format Version 12.00
# Visual Studio Version 17
VisualStudioVersion = 17.9.34622.214
MinimumVisualStudioVersion = 10.0.40219.1
Project("{FAE04EC0-301F-11D3-BF4B-00C04F79EFBC}") = "dictionary", "dictionary\dictionary.csproj", "{F7CD2A75-C714-4677-B37B-9DE85C6AFDD3}"
EndProject
Global
	GlobalSection(SolutionConfigurationPlatforms) = preSolution
		Debug|Any CPU = Debug|Any CPU
		Release|Any CPU = Release|Any CPU
	EndGlobalSection
	GlobalSection(ProjectConfigurationPlatforms) = postSolution
		{F7CD2A75-C714-4677-B37B-9DE85C6AFDD3}.Debug|Any CPU.ActiveCfg = Debug|Any CPU
		{F7CD2A75-C714-4677-B37B-9DE85C6AFDD3}.Debug|Any CPU.Build.0 = Debug|Any CPU
		{F7CD2A75-C714-4677-B37B-9DE85C6AFDD3}.Release|Any CPU.ActiveCfg = Release|Any CPU
		{F7CD2A75-C714-4677-B37B-9DE85C6AFDD3}.Release|Any CPU.Build.0 = Release|Any CPU
	EndGlobalSection
	GlobalSection(SolutionProperties) = preSolution
		HideSolutionNode = FALSE
	EndGlobalSection
	GlobalSection(ExtensibilityGlobals) = postSolution
		SolutionGuid = {34FF0924-5FCE-4DB5-98B2-02A928A966FE}
	EndGlobalSection
EndGlobal
